
Microsoft Visual Studio Solution File, Format Version 12.00
# Visual Studio 14
VisualStudioVersion = 14.0.25420.1
MinimumVisualStudioVersion = 10.0.40219.1
Project("{FAE04EC0-301F-11D3-BF4B-00C04F79EFBC}") = "ListView_and_Styling.Droid", "ListView and Styling\ListView_and_Styling.Droid\ListView_and_Styling.Droid.csproj", "{B645813D-E401-43F4-ACD3-AAF3506AAA9F}"
EndProject
Project("{FAE04EC0-301F-11D3-BF4B-00C04F79EFBC}") = "ListView_and_Styling.iOS", "ListView and Styling\ListView_and_Styling.iOS\ListView_and_Styling.iOS.csproj", "{E5307617-7ED3-48FD-9E20-2B73640FABC2}"
EndProject
Project("{FAE04EC0-301F-11D3-BF4B-00C04F79EFBC}") = "ListView_and_Styling", "ListView and Styling\ListView_and_Styling\ListView_and_Styling.csproj", "{01B575BE-D20D-4502-9A09-17F083CF4023}"
EndProject
Global
	GlobalSection(SolutionConfigurationPlatforms) = preSolution
		Ad-Hoc|Any CPU = Ad-Hoc|Any CPU
		Ad-Hoc|iPhone = Ad-Hoc|iPhone
		Ad-Hoc|iPhoneSimulator = Ad-Hoc|iPhoneSimulator
		AppStore|Any CPU = AppStore|Any CPU
		AppStore|iPhone = AppStore|iPhone
		AppStore|iPhoneSimulator = AppStore|iPhoneSimulator
		Debug|Any CPU = Debug|Any CPU
		Debug|iPhone = Debug|iPhone
		Debug|iPhoneSimulator = Debug|iPhoneSimulator
		Release|Any CPU = Release|Any CPU
		Release|iPhone = Release|iPhone
		Release|iPhoneSimulator = Release|iPhoneSimulator
	EndGlobalSection
	GlobalSection(ProjectConfigurationPlatforms) = postSolution
		{B645813D-E401-43F4-ACD3-AAF3506AAA9F}.Ad-Hoc|Any CPU.ActiveCfg = Release|Any CPU
		{B645813D-E401-43F4-ACD3-AAF3506AAA9F}.Ad-Hoc|Any CPU.Build.0 = Release|Any CPU
		{B645813D-E401-43F4-ACD3-AAF3506AAA9F}.Ad-Hoc|Any CPU.Deploy.0 = Release|Any CPU
		{B645813D-E401-43F4-ACD3-AAF3506AAA9F}.Ad-Hoc|iPhone.ActiveCfg = Release|Any CPU
		{B645813D-E401-43F4-ACD3-AAF3506AAA9F}.Ad-Hoc|iPhone.Build.0 = Release|Any CPU
		{B645813D-E401-43F4-ACD3-AAF3506AAA9F}.Ad-Hoc|iPhone.Deploy.0 = Release|Any CPU
		{B645813D-E401-43F4-ACD3-AAF3506AAA9F}.Ad-Hoc|iPhoneSimulator.ActiveCfg = Release|Any CPU
		{B645813D-E401-43F4-ACD3-AAF3506AAA9F}.Ad-Hoc|iPhoneSimulator.Build.0 = Release|Any CPU
		{B645813D-E401-43F4-ACD3-AAF3506AAA9F}.Ad-Hoc|iPhoneSimulator.Deploy.0 = Release|Any CPU
		{B645813D-E401-43F4-ACD3-AAF3506AAA9F}.AppStore|Any CPU.ActiveCfg = Release|Any CPU
		{B645813D-E401-43F4-ACD3-AAF3506AAA9F}.AppStore|Any CPU.Build.0 = Release|Any CPU
		{B645813D-E401-43F4-ACD3-AAF3506AAA9F}.AppStore|Any CPU.Deploy.0 = Release|Any CPU
		{B645813D-E401-43F4-ACD3-AAF3506AAA9F}.AppStore|iPhone.ActiveCfg = Release|Any CPU
		{B645813D-E401-43F4-ACD3-AAF3506AAA9F}.AppStore|iPhone.Build.0 = Release|Any CPU
		{B645813D-E401-43F4-ACD3-AAF3506AAA9F}.AppStore|iPhone.Deploy.0 = Release|Any CPU
		{B645813D-E401-43F4-ACD3-AAF3506AAA9F}.AppStore|iPhoneSimulator.ActiveCfg = Release|Any CPU
		{B645813D-E401-43F4-ACD3-AAF3506AAA9F}.AppStore|iPhoneSimulator.Build.0 = Release|Any CPU
		{B645813D-E401-43F4-ACD3-AAF3506AAA9F}.AppStore|iPhoneSimulator.Deploy.0 = Release|Any CPU
		{B645813D-E401-43F4-ACD3-AAF3506AAA9F}.Debug|Any CPU.ActiveCfg = Debug|Any CPU
		{B645813D-E401-43F4-ACD3-AAF3506AAA9F}.Debug|Any CPU.Build.0 = Debug|Any CPU
		{B645813D-E401-43F4-ACD3-AAF3506AAA9F}.Debug|Any CPU.Deploy.0 = Debug|Any CPU
		{B645813D-E401-43F4-ACD3-AAF3506AAA9F}.Debug|iPhone.ActiveCfg = Debug|Any CPU
		{B645813D-E401-43F4-ACD3-AAF3506AAA9F}.Debug|iPhone.Build.0 = Debug|Any CPU
		{B645813D-E401-43F4-ACD3-AAF3506AAA9F}.Debug|iPhone.Deploy.0 = Debug|Any CPU
		{B645813D-E401-43F4-ACD3-AAF3506AAA9F}.Debug|iPhoneSimulator.ActiveCfg = Debug|Any CPU
		{B645813D-E401-43F4-ACD3-AAF3506AAA9F}.Debug|iPhoneSimulator.Build.0 = Debug|Any CPU
		{B645813D-E401-43F4-ACD3-AAF3506AAA9F}.Debug|iPhoneSimulator.Deploy.0 = Debug|Any CPU
		{B645813D-E401-43F4-ACD3-AAF3506AAA9F}.Release|Any CPU.ActiveCfg = Release|Any CPU
		{B645813D-E401-43F4-ACD3-AAF3506AAA9F}.Release|Any CPU.Build.0 = Release|Any CPU
		{B645813D-E401-43F4-ACD3-AAF3506AAA9F}.Release|Any CPU.Deploy.0 = Release|Any CPU
		{B645813D-E401-43F4-ACD3-AAF3506AAA9F}.Release|iPhone.ActiveCfg = Release|Any CPU
		{B645813D-E401-43F4-ACD3-AAF3506AAA9F}.Release|iPhone.Build.0 = Release|Any CPU
		{B645813D-E401-43F4-ACD3-AAF3506AAA9F}.Release|iPhone.Deploy.0 = Release|Any CPU
		{B645813D-E401-43F4-ACD3-AAF3506AAA9F}.Release|iPhoneSimulator.ActiveCfg = Release|Any CPU
		{B645813D-E401-43F4-ACD3-AAF3506AAA9F}.Release|iPhoneSimulator.Build.0 = Release|Any CPU
		{B645813D-E401-43F4-ACD3-AAF3506AAA9F}.Release|iPhoneSimulator.Deploy.0 = Release|Any CPU
		{E5307617-7ED3-48FD-9E20-2B73640FABC2}.Ad-Hoc|Any CPU.ActiveCfg = Ad-Hoc|iPhone
		{E5307617-7ED3-48FD-9E20-2B73640FABC2}.Ad-Hoc|iPhone.ActiveCfg = Ad-Hoc|iPhone
		{E5307617-7ED3-48FD-9E20-2B73640FABC2}.Ad-Hoc|iPhone.Build.0 = Ad-Hoc|iPhone
		{E5307617-7ED3-48FD-9E20-2B73640FABC2}.Ad-Hoc|iPhoneSimulator.ActiveCfg = Ad-Hoc|iPhoneSimulator
		{E5307617-7ED3-48FD-9E20-2B73640FABC2}.Ad-Hoc|iPhoneSimulator.Build.0 = Ad-Hoc|iPhoneSimulator
		{E5307617-7ED3-48FD-9E20-2B73640FABC2}.AppStore|Any CPU.ActiveCfg = AppStore|iPhone
		{E5307617-7ED3-48FD-9E20-2B73640FABC2}.AppStore|iPhone.ActiveCfg = AppStore|iPhone
		{E5307617-7ED3-48FD-9E20-2B73640FABC2}.AppStore|iPhone.Build.0 = AppStore|iPhone
		{E5307617-7ED3-48FD-9E20-2B73640FABC2}.AppStore|iPhoneSimulator.ActiveCfg = AppStore|iPhoneSimulator
		{E5307617-7ED3-48FD-9E20-2B73640FABC2}.AppStore|iPhoneSimulator.Build.0 = AppStore|iPhoneSimulator
		{E5307617-7ED3-48FD-9E20-2B73640FABC2}.Debug|Any CPU.ActiveCfg = Debug|iPhone
		{E5307617-7ED3-48FD-9E20-2B73640FABC2}.Debug|iPhone.ActiveCfg = Debug|iPhone
		{E5307617-7ED3-48FD-9E20-2B73640FABC2}.Debug|iPhone.Build.0 = Debug|iPhone
		{E5307617-7ED3-48FD-9E20-2B73640FABC2}.Debug|iPhoneSimulator.ActiveCfg = Debug|iPhoneSimulator
		{E5307617-7ED3-48FD-9E20-2B73640FABC2}.Debug|iPhoneSimulator.Build.0 = Debug|iPhoneSimulator
		{E5307617-7ED3-48FD-9E20-2B73640FABC2}.Release|Any CPU.ActiveCfg = Release|iPhone
		{E5307617-7ED3-48FD-9E20-2B73640FABC2}.Release|iPhone.ActiveCfg = Release|iPhone
		{E5307617-7ED3-48FD-9E20-2B73640FABC2}.Release|iPhone.Build.0 = Release|iPhone
		{E5307617-7ED3-48FD-9E20-2B73640FABC2}.Release|iPhoneSimulator.ActiveCfg = Release|iPhoneSimulator
		{E5307617-7ED3-48FD-9E20-2B73640FABC2}.Release|iPhoneSimulator.Build.0 = Release|iPhoneSimulator
		{01B575BE-D20D-4502-9A09-17F083CF4023}.Ad-Hoc|Any CPU.ActiveCfg = Release|Any CPU
		{01B575BE-D20D-4502-9A09-17F083CF4023}.Ad-Hoc|Any CPU.Build.0 = Release|Any CPU
		{01B575BE-D20D-4502-9A09-17F083CF4023}.Ad-Hoc|iPhone.ActiveCfg = Release|Any CPU
		{01B575BE-D20D-4502-9A09-17F083CF4023}.Ad-Hoc|iPhone.Build.0 = Release|Any CPU
		{01B575BE-D20D-4502-9A09-17F083CF4023}.Ad-Hoc|iPhoneSimulator.ActiveCfg = Release|Any CPU
		{01B575BE-D20D-4502-9A09-17F083CF4023}.Ad-Hoc|iPhoneSimulator.Build.0 = Release|Any CPU
		{01B575BE-D20D-4502-9A09-17F083CF4023}.AppStore|Any CPU.ActiveCfg = Release|Any CPU
		{01B575BE-D20D-4502-9A09-17F083CF4023}.AppStore|Any CPU.Build.0 = Release|Any CPU
		{01B575BE-D20D-4502-9A09-17F083CF4023}.AppStore|iPhone.ActiveCfg = Release|Any CPU
		{01B575BE-D20D-4502-9A09-17F083CF4023}.AppStore|iPhone.Build.0 = Release|Any CPU
		{01B575BE-D20D-4502-9A09-17F083CF4023}.AppStore|iPhoneSimulator.ActiveCfg = Release|Any CPU
		{01B575BE-D20D-4502-9A09-17F083CF4023}.AppStore|iPhoneSimulator.Build.0 = Release|Any CPU
		{01B575BE-D20D-4502-9A09-17F083CF4023}.Debug|Any CPU.ActiveCfg = Debug|Any CPU
		{01B575BE-D20D-4502-9A09-17F083CF4023}.Debug|Any CPU.Build.0 = Debug|Any CPU
		{01B575BE-D20D-4502-9A09-17F083CF4023}.Debug|iPhone.ActiveCfg = Debug|Any CPU
		{01B575BE-D20D-4502-9A09-17F083CF4023}.Debug|iPhone.Build.0 = Debug|Any CPU
		{01B575BE-D20D-4502-9A09-17F083CF4023}.Debug|iPhoneSimulator.ActiveCfg = Debug|Any CPU
		{01B575BE-D20D-4502-9A09-17F083CF4023}.Debug|iPhoneSimulator.Build.0 = Debug|Any CPU
		{01B575BE-D20D-4502-9A09-17F083CF4023}.Release|Any CPU.ActiveCfg = Release|Any CPU
		{01B575BE-D20D-4502-9A09-17F083CF4023}.Release|Any CPU.Build.0 = Release|Any CPU
		{01B575BE-D20D-4502-9A09-17F083CF4023}.Release|iPhone.ActiveCfg = Release|Any CPU
		{01B575BE-D20D-4502-9A09-17F083CF4023}.Release|iPhone.Build.0 = Release|Any CPU
		{01B575BE-D20D-4502-9A09-17F083CF4023}.Release|iPhoneSimulator.ActiveCfg = Release|Any CPU
		{01B575BE-D20D-4502-9A09-17F083CF4023}.Release|iPhoneSimulator.Build.0 = Release|Any CPU
	EndGlobalSection
	GlobalSection(SolutionProperties) = preSolution
		HideSolutionNode = FALSE
	EndGlobalSection
EndGlobal
